PODS:
  - Bolts (1.8.4):
    - Bolts/AppLinks (= 1.8.4)
    - Bolts/Tasks (= 1.8.4)
  - Bolts/AppLinks (1.8.4):
    - Bolts/Tasks
  - Bolts/Tasks (1.8.4)
  - Crashlytics (3.8.4):
    - Fabric (~> 1.6.3)
  - Fabric (1.6.11)
  - FBSDKCoreKit (4.21.0):
    - Bolts (~> 1.7)
  - FirebaseAnalytics (3.7.0):
    - FirebaseCore (~> 3.5)
    - FirebaseInstanceID (~> 1.0)
    - GoogleToolboxForMac/NSData+zlib (~> 2.1)
  - FirebaseCore (3.5.2):
    - GoogleToolboxForMac/NSData+zlib (~> 2.1)
  - FirebaseInstanceID (1.0.9)
  - GA-SDK-IOS (2.2.11)
  - Google/Analytics (3.0.3):
    - Google/Core
    - GoogleAnalytics (~> 3.12)
  - Google/Core (3.0.3):
    - FirebaseAnalytics (~> 3.2)
  - GoogleAnalytics (3.17.0)
  - GoogleToolboxForMac/Defines (2.1.1)
  - GoogleToolboxForMac/NSData+zlib (2.1.1):
    - GoogleToolboxForMac/Defines (= 2.1.1)
  - Nimble (6.1.0)
  - Quick (1.1.0)
  - SnapKit (3.0.2)
  - Spring (1.0.3)

DEPENDENCIES:
  - Crashlytics (~> 3.6)
  - Fabric (~> 1.6)
  - FBSDKCoreKit (~> 4.21.0)
  - GA-SDK-IOS
  - Google/Analytics
  - Nimble
  - Quick
  - SnapKit (~> 3.0.0)
  - Spring (from `https://github.com/MengTo/Spring.git`, branch `swift3`)

EXTERNAL SOURCES:
  Spring:
    :branch: swift3
    :git: https://github.com/MengTo/Spring.git

CHECKOUT OPTIONS:
  Spring:
    :commit: 8201b5c93bd7ebdf4cd18160bcde1e6e88c2be64
    :git: https://github.com/MengTo/Spring.git

SPEC CHECKSUMS:
  Bolts: 8a7995239dbe724f9cba2248b766d48b7ebdd322
  Crashlytics: 79e236942ca1e7fc641df1feb9a275360a78ab6a
  Fabric: 5911403591946b8228ab1c51d98f1d7137e863c6
  FBSDKCoreKit: 8a372ab194b5c7c26355c1920ef52dbeb44bc222
  FirebaseAnalytics: 0d1b7d81d5021155be37702a94ba1ec16d45365d
  FirebaseCore: a024587e43778508700af8c6b1209f7c4516ba02
  FirebaseInstanceID: 2d0518b1378fe9d685ef40cbdd63d2fdc1125339
  GA-SDK-IOS: 5bf2b6db1a6d2443dd8d826bc352352e601f0b43
  Google: 813c467362eabc11385f5a5cc9ad0cb651a58f4e
  GoogleAnalytics: f42cc53a87a51fe94334821868d9c8481ff47a7b
  GoogleToolboxForMac: 8e329f1b599f2512c6b10676d45736bcc2cbbeb0
  Nimble: c53e6903fee94041b90ded74f135820437d8bf59
  Quick: dafc587e21eed9f4cab3249b9f9015b0b7a7f71d
  SnapKit: 2e456761aa92d4d4067a7a5594c18769d451a8ad
  Spring: 3f02b5dc3308572ef177b3cad0fa7bbc4b0706f7

PODFILE CHECKSUM: 9b8e326a9ab627e2ba53b533723b520252403cfc

COCOAPODS: 1.2.0
